// !$*UTF8*$!
{
	archiveVersion = 1;
	classes = {
	};
	objectVersion = 50;
	objects = {

/* Begin PBXBuildFile section */
		793CCA3925B9B33B00BC7B4C /* HeaderViewCell.swift in Sources */ = {isa = PBXBuildFile; fileRef = 793CCA3825B9B33B00BC7B4C /* HeaderViewCell.swift */; };
		79544A8425BB39F700B09440 /* ForecastDateHeaderCell.swift in Sources */ = {isa = PBXBuildFile; fileRef = 79544A8325BB39F700B09440 /* ForecastDateHeaderCell.swift */; };
		79544A8B25BC0E2900B09440 /* StorageService.swift in Sources */ = {isa = PBXBuildFile; fileRef = 79544A8A25BC0E2900B09440 /* StorageService.swift */; };
		79544A9D25BC274E00B09440 /* GradientBackgroud.swift in Sources */ = {isa = PBXBuildFile; fileRef = 79544A9C25BC274E00B09440 /* GradientBackgroud.swift */; };
		79544AA025BC29BF00B09440 /* IconMap.swift in Sources */ = {isa = PBXBuildFile; fileRef = 79544A9F25BC29BF00B09440 /* IconMap.swift */; };
		79544AAB25BC2BD500B09440 /* UIView.swift in Sources */ = {isa = PBXBuildFile; fileRef = 79544AAA25BC2BD500B09440 /* UIView.swift */; };
		79671F0725BAB7B1003AC1A6 /* DetailedViewController.swift in Sources */ = {isa = PBXBuildFile; fileRef = 79671F0525BAB7B1003AC1A6 /* DetailedViewController.swift */; };
		79671F0B25BAC874003AC1A6 /* DetailedMainView.swift in Sources */ = {isa = PBXBuildFile; fileRef = 79671F0A25BAC874003AC1A6 /* DetailedMainView.swift */; };
		79671F0F25BAD0ED003AC1A6 /* ForecastCell.swift in Sources */ = {isa = PBXBuildFile; fileRef = 79671F0E25BAD0ED003AC1A6 /* ForecastCell.swift */; };
		797B566925B8593500E558D5 /* Reorderable.swift in Sources */ = {isa = PBXBuildFile; fileRef = 797B566825B8593500E558D5 /* Reorderable.swift */; };
		797B566E25B883B100E558D5 /* CurrentWeatherCell.swift in Sources */ = {isa = PBXBuildFile; fileRef = 797B566D25B883B100E558D5 /* CurrentWeatherCell.swift */; };
		7984762E25B7748B00D7501C /* AppDelegate.swift in Sources */ = {isa = PBXBuildFile; fileRef = 7984762D25B7748B00D7501C /* AppDelegate.swift */; };
		7984763025B7748B00D7501C /* SceneDelegate.swift in Sources */ = {isa = PBXBuildFile; fileRef = 7984762F25B7748B00D7501C /* SceneDelegate.swift */; };
		7984763225B7748B00D7501C /* CitiesViewController.swift in Sources */ = {isa = PBXBuildFile; fileRef = 7984763125B7748B00D7501C /* CitiesViewController.swift */; };
		7984763725B7748F00D7501C /* Assets.xcassets in Resources */ = {isa = PBXBuildFile; fileRef = 7984763625B7748F00D7501C /* Assets.xcassets */; };
		7991CA2C25B80296007B2D91 /* Weather.swift in Sources */ = {isa = PBXBuildFile; fileRef = 7991CA2B25B80296007B2D91 /* Weather.swift */; };
		79A1FCFB25B77C7200B1AABF /* NetworkService.swift in Sources */ = {isa = PBXBuildFile; fileRef = 79A1FCFA25B77C7200B1AABF /* NetworkService.swift */; };
		79A1FD0125B7810E00B1AABF /* Constants.swift in Sources */ = {isa = PBXBuildFile; fileRef = 79A1FD0025B7810E00B1AABF /* Constants.swift */; };
/* End PBXBuildFile section */

/* Begin PBXFileReference section */
		793CCA3825B9B33B00BC7B4C /* HeaderViewCell.swift */ = {isa = PBXFileReference; lastKnownFileType = sourcecode.swift; path = HeaderViewCell.swift; sourceTree = "<group>"; };
		79544A8325BB39F700B09440 /* ForecastDateHeaderCell.swift */ = {isa = PBXFileReference; lastKnownFileType = sourcecode.swift; path = ForecastDateHeaderCell.swift; sourceTree = "<group>"; };
		79544A8A25BC0E2900B09440 /* StorageService.swift */ = {isa = PBXFileReference; lastKnownFileType = sourcecode.swift; path = StorageService.swift; sourceTree = "<group>"; };
		79544A9C25BC274E00B09440 /* GradientBackgroud.swift */ = {isa = PBXFileReference; lastKnownFileType = sourcecode.swift; path = GradientBackgroud.swift; sourceTree = "<group>"; };
		79544A9F25BC29BF00B09440 /* IconMap.swift */ = {isa = PBXFileReference; lastKnownFileType = sourcecode.swift; path = IconMap.swift; sourceTree = "<group>"; };
		79544AAA25BC2BD500B09440 /* UIView.swift */ = {isa = PBXFileReference; lastKnownFileType = sourcecode.swift; path = UIView.swift; sourceTree = "<group>"; };
		79671F0525BAB7B1003AC1A6 /* DetailedViewController.swift */ = {isa = PBXFileReference; lastKnownFileType = sourcecode.swift; path = DetailedViewController.swift; sourceTree = "<group>"; };
		79671F0A25BAC874003AC1A6 /* DetailedMainView.swift */ = {isa = PBXFileReference; lastKnownFileType = sourcecode.swift; path = DetailedMainView.swift; sourceTree = "<group>"; };
		79671F0E25BAD0ED003AC1A6 /* ForecastCell.swift */ = {isa = PBXFileReference; lastKnownFileType = sourcecode.swift; path = ForecastCell.swift; sourceTree = "<group>"; };
		797B566825B8593500E558D5 /* Reorderable.swift */ = {isa = PBXFileReference; lastKnownFileType = sourcecode.swift; path = Reorderable.swift; sourceTree = "<group>"; };
		797B566D25B883B100E558D5 /* CurrentWeatherCell.swift */ = {isa = PBXFileReference; lastKnownFileType = sourcecode.swift; path = CurrentWeatherCell.swift; sourceTree = "<group>"; };
		7984762A25B7748B00D7501C /* WeatherApp.app */ = {isa = PBXFileReference; explicitFileType = wrapper.application; includeInIndex = 0; path = WeatherApp.app; sourceTree = BUILT_PRODUCTS_DIR; };
		7984762D25B7748B00D7501C /* AppDelegate.swift */ = {isa = PBXFileReference; lastKnownFileType = sourcecode.swift; path = AppDelegate.swift; sourceTree = "<group>"; };
		7984762F25B7748B00D7501C /* SceneDelegate.swift */ = {isa = PBXFileReference; lastKnownFileType = sourcecode.swift; path = SceneDelegate.swift; sourceTree = "<group>"; };
		7984763125B7748B00D7501C /* CitiesViewController.swift */ = {isa = PBXFileReference; lastKnownFileType = sourcecode.swift; path = CitiesViewController.swift; sourceTree = "<group>"; };
		7984763625B7748F00D7501C /* Assets.xcassets */ = {isa = PBXFileReference; lastKnownFileType = folder.assetcatalog; path = Assets.xcassets; sourceTree = "<group>"; };
		7984763B25B7748F00D7501C /* Info.plist */ = {isa = PBXFileReference; lastKnownFileType = text.plist.xml; path = Info.plist; sourceTree = "<group>"; };
		7991CA2B25B80296007B2D91 /* Weather.swift */ = {isa = PBXFileReference; lastKnownFileType = sourcecode.swift; path = Weather.swift; sourceTree = "<group>"; };
		79A1FCFA25B77C7200B1AABF /* NetworkService.swift */ = {isa = PBXFileReference; lastKnownFileType = sourcecode.swift; path = NetworkService.swift; sourceTree = "<group>"; };
		79A1FD0025B7810E00B1AABF /* Constants.swift */ = {isa = PBXFileReference; lastKnownFileType = sourcecode.swift; path = Constants.swift; sourceTree = "<group>"; };
/* End PBXFileReference section */

/* Begin PBXFrameworksBuildPhase section */
		7984762725B7748B00D7501C /* Frameworks */ = {
			isa = PBXFrameworksBuildPhase;
			buildActionMask = 2147483647;
			files = (
			);
			runOnlyForDeploymentPostprocessing = 0;
		};
/* End PBXFrameworksBuildPhase section */

/* Begin PBXGroup section */
		79544A8D25BC166D00B09440 /* CollectionViewCell */ = {
			isa = PBXGroup;
			children = (
				797B566D25B883B100E558D5 /* CurrentWeatherCell.swift */,
				793CCA3825B9B33B00BC7B4C /* HeaderViewCell.swift */,
				79671F0E25BAD0ED003AC1A6 /* ForecastCell.swift */,
				79544A8325BB39F700B09440 /* ForecastDateHeaderCell.swift */,
			);
			path = CollectionViewCell;
			sourceTree = "<group>";
		};
		79544AA925BC2BC800B09440 /* Extensions */ = {
			isa = PBXGroup;
			children = (
				79544AAA25BC2BD500B09440 /* UIView.swift */,
			);
			path = Extensions;
			sourceTree = "<group>";
		};
		7984762125B7748B00D7501C = {
			isa = PBXGroup;
			children = (
				7984762C25B7748B00D7501C /* WeatherApp */,
				7984762B25B7748B00D7501C /* Products */,
			);
			sourceTree = "<group>";
		};
		7984762B25B7748B00D7501C /* Products */ = {
			isa = PBXGroup;
			children = (
				7984762A25B7748B00D7501C /* WeatherApp.app */,
			);
			name = Products;
			sourceTree = "<group>";
		};
		7984762C25B7748B00D7501C /* WeatherApp */ = {
			isa = PBXGroup;
			children = (
				7984764525B775DA00D7501C /* Application */,
				79A1FCF925B77A9800B1AABF /* Helper */,
				79A1FCF825B779A200B1AABF /* Services */,
				7984764625B7760300D7501C /* Model */,
				7984764825B7760C00D7501C /* View */,
				7984764725B7760700D7501C /* Controller */,
				7984763625B7748F00D7501C /* Assets.xcassets */,
			);
			path = WeatherApp;
			sourceTree = "<group>";
		};
		7984764525B775DA00D7501C /* Application */ = {
			isa = PBXGroup;
			children = (
				7984762F25B7748B00D7501C /* SceneDelegate.swift */,
				7984762D25B7748B00D7501C /* AppDelegate.swift */,
				7984763B25B7748F00D7501C /* Info.plist */,
			);
			path = Application;
			sourceTree = "<group>";
		};
		7984764625B7760300D7501C /* Model */ = {
			isa = PBXGroup;
			children = (
				7991CA2B25B80296007B2D91 /* Weather.swift */,
			);
			path = Model;
			sourceTree = "<group>";
		};
		7984764725B7760700D7501C /* Controller */ = {
			isa = PBXGroup;
			children = (
				7984763125B7748B00D7501C /* CitiesViewController.swift */,
				79671F0525BAB7B1003AC1A6 /* DetailedViewController.swift */,
			);
			path = Controller;
			sourceTree = "<group>";
		};
		7984764825B7760C00D7501C /* View */ = {
			isa = PBXGroup;
			children = (
				79544A8D25BC166D00B09440 /* CollectionViewCell */,
				79671F0A25BAC874003AC1A6 /* DetailedMainView.swift */,
				79544A9C25BC274E00B09440 /* GradientBackgroud.swift */,
			);
			path = View;
			sourceTree = "<group>";
		};
		79A1FCF825B779A200B1AABF /* Services */ = {
			isa = PBXGroup;
			children = (
				79A1FCFA25B77C7200B1AABF /* NetworkService.swift */,
				79A1FD0025B7810E00B1AABF /* Constants.swift */,
				79544A8A25BC0E2900B09440 /* StorageService.swift */,
			);
			path = Services;
			sourceTree = "<group>";
		};
		79A1FCF925B77A9800B1AABF /* Helper */ = {
			isa = PBXGroup;
			children = (
				79544AA925BC2BC800B09440 /* Extensions */,
				797B566825B8593500E558D5 /* Reorderable.swift */,
				79544A9F25BC29BF00B09440 /* IconMap.swift */,
			);
			path = Helper;
			sourceTree = "<group>";
		};
/* End PBXGroup section */

/* Begin PBXNativeTarget section */
		7984762925B7748B00D7501C /* WeatherApp */ = {
			isa = PBXNativeTarget;
			buildConfigurationList = 7984763E25B7748F00D7501C /* Build configuration list for PBXNativeTarget "WeatherApp" */;
			buildPhases = (
				7984762625B7748B00D7501C /* Sources */,
				7984762725B7748B00D7501C /* Frameworks */,
				7984762825B7748B00D7501C /* Resources */,
				79A1FCFE25B77F3A00B1AABF /* ShellScript */,
			);
			buildRules = (
			);
			dependencies = (
			);
			name = WeatherApp;
			productName = WeatherApp;
			productReference = 7984762A25B7748B00D7501C /* WeatherApp.app */;
			productType = "com.apple.product-type.application";
		};
/* End PBXNativeTarget section */

/* Begin PBXProject section */
		7984762225B7748B00D7501C /* Project object */ = {
			isa = PBXProject;
			attributes = {
				LastSwiftUpdateCheck = 1230;
				LastUpgradeCheck = 1230;
				TargetAttributes = {
					7984762925B7748B00D7501C = {
						CreatedOnToolsVersion = 12.3;
					};
				};
			};
			buildConfigurationList = 7984762525B7748B00D7501C /* Build configuration list for PBXProject "WeatherApp" */;
			compatibilityVersion = "Xcode 9.3";
			developmentRegion = en;
			hasScannedForEncodings = 0;
			knownRegions = (
				en,
				Base,
			);
			mainGroup = 7984762125B7748B00D7501C;
			productRefGroup = 7984762B25B7748B00D7501C /* Products */;
			projectDirPath = "";
			projectRoot = "";
			targets = (
				7984762925B7748B00D7501C /* WeatherApp */,
			);
		};
/* End PBXProject section */

/* Begin PBXResourcesBuildPhase section */
		7984762825B7748B00D7501C /* Resources */ = {
			isa = PBXResourcesBuildPhase;
			buildActionMask = 2147483647;
			files = (
				7984763725B7748F00D7501C /* Assets.xcassets in Resources */,
			);
			runOnlyForDeploymentPostprocessing = 0;
		};
/* End PBXResourcesBuildPhase section */

/* Begin PBXShellScriptBuildPhase section */
		79A1FCFE25B77F3A00B1AABF /* ShellScript */ = {
			isa = PBXShellScriptBuildPhase;
			buildActionMask = 2147483647;
			files = (
			);
			inputFileListPaths = (
			);
			inputPaths = (
			);
			outputFileListPaths = (
			);
			outputPaths = (
			);
			runOnlyForDeploymentPostprocessing = 0;
			shellPath = /bin/sh;
			shellScript = "if which swiftlint >/dev/null; then\n  swiftlint\nelse\n  echo \"error: SwiftLint does not exist, download it from https://github.com/realm/SwiftLint\"\n  exit 1\nfi\n";
		};
/* End PBXShellScriptBuildPhase section */

/* Begin PBXSourcesBuildPhase section */
		7984762625B7748B00D7501C /* Sources */ = {
			isa = PBXSourcesBuildPhase;
			buildActionMask = 2147483647;
			files = (
				7991CA2C25B80296007B2D91 /* Weather.swift in Sources */,
				79A1FD0125B7810E00B1AABF /* Constants.swift in Sources */,
				79671F0725BAB7B1003AC1A6 /* DetailedViewController.swift in Sources */,
				793CCA3925B9B33B00BC7B4C /* HeaderViewCell.swift in Sources */,
				79544A8425BB39F700B09440 /* ForecastDateHeaderCell.swift in Sources */,
				79671F0F25BAD0ED003AC1A6 /* ForecastCell.swift in Sources */,
				7984763225B7748B00D7501C /* CitiesViewController.swift in Sources */,
				7984762E25B7748B00D7501C /* AppDelegate.swift in Sources */,
				79A1FCFB25B77C7200B1AABF /* NetworkService.swift in Sources */,
				7984763025B7748B00D7501C /* SceneDelegate.swift in Sources */,
				79544A9D25BC274E00B09440 /* GradientBackgroud.swift in Sources */,
				797B566E25B883B100E558D5 /* CurrentWeatherCell.swift in Sources */,
				797B566925B8593500E558D5 /* Reorderable.swift in Sources */,
				79544AAB25BC2BD500B09440 /* UIView.swift in Sources */,
				79671F0B25BAC874003AC1A6 /* DetailedMainView.swift in Sources */,
				79544A8B25BC0E2900B09440 /* StorageService.swift in Sources */,
				79544AA025BC29BF00B09440 /* IconMap.swift in Sources */,
			);
			runOnlyForDeploymentPostprocessing = 0;
		};
/* End PBXSourcesBuildPhase section */

/* Begin XCBuildConfiguration section */
		7984763C25B7748F00D7501C /* Debug */ = {
			isa = XCBuildConfiguration;
			buildSettings = {
				ALWAYS_SEARCH_USER_PATHS = NO;
				CLANG_ANALYZER_NONNULL = YES;
				CLANG_ANALYZER_NUMBER_OBJECT_CONVERSION = YES_AGGRESSIVE;
				CLANG_CXX_LANGUAGE_STANDARD = "gnu++14";
				CLANG_CXX_LIBRARY = "libc++";
				CLANG_ENABLE_MODULES = YES;
				CLANG_ENABLE_OBJC_ARC = YES;
				CLANG_ENABLE_OBJC_WEAK = YES;
				CLANG_WARN_BLOCK_CAPTURE_AUTORELEASING = YES;
				CLANG_WARN_BOOL_CONVERSION = YES;
				CLANG_WARN_COMMA = YES;
				CLANG_WARN_CONSTANT_CONVERSION = YES;
				CLANG_WARN_DEPRECATED_OBJC_IMPLEMENTATIONS = YES;
				CLANG_WARN_DIRECT_OBJC_ISA_USAGE = YES_ERROR;
				CLANG_WARN_DOCUMENTATION_COMMENTS = YES;
				CLANG_WARN_EMPTY_BODY = YES;
				CLANG_WARN_ENUM_CONVERSION = YES;
				CLANG_WARN_INFINITE_RECURSION = YES;
				CLANG_WARN_INT_CONVERSION = YES;
				CLANG_WARN_NON_LITERAL_NULL_CONVERSION = YES;
				CLANG_WARN_OBJC_IMPLICIT_RETAIN_SELF = YES;
				CLANG_WARN_OBJC_LITERAL_CONVERSION = YES;
				CLANG_WARN_OBJC_ROOT_CLASS = YES_ERROR;
				CLANG_WARN_QUOTED_INCLUDE_IN_FRAMEWORK_HEADER = YES;
				CLANG_WARN_RANGE_LOOP_ANALYSIS = YES;
				CLANG_WARN_STRICT_PROTOTYPES = YES;
				CLANG_WARN_SUSPICIOUS_MOVE = YES;
				CLANG_WARN_UNGUARDED_AVAILABILITY = YES_AGGRESSIVE;
				CLANG_WARN_UNREACHABLE_CODE = YES;
				CLANG_WARN__DUPLICATE_METHOD_MATCH = YES;
				COPY_PHASE_STRIP = NO;
				DEBUG_INFORMATION_FORMAT = dwarf;
				ENABLE_STRICT_OBJC_MSGSEND = YES;
				ENABLE_TESTABILITY = YES;
				GCC_C_LANGUAGE_STANDARD = gnu11;
				GCC_DYNAMIC_NO_PIC = NO;
				GCC_NO_COMMON_BLOCKS = YES;
				GCC_OPTIMIZATION_LEVEL = 0;
				GCC_PREPROCESSOR_DEFINITIONS = (
					"DEBUG=1",
					"$(inherited)",
				);
				GCC_WARN_64_TO_32_BIT_CONVERSION = YES;
				GCC_WARN_ABOUT_RETURN_TYPE = YES_ERROR;
				GCC_WARN_UNDECLARED_SELECTOR = YES;
				GCC_WARN_UNINITIALIZED_AUTOS = YES_AGGRESSIVE;
				GCC_WARN_UNUSED_FUNCTION = YES;
				GCC_WARN_UNUSED_VARIABLE = YES;
				IPHONEOS_DEPLOYMENT_TARGET = 14.3;
				MTL_ENABLE_DEBUG_INFO = INCLUDE_SOURCE;
				MTL_FAST_MATH = YES;
				ONLY_ACTIVE_ARCH = YES;
				SDKROOT = iphoneos;
				SWIFT_ACTIVE_COMPILATION_CONDITIONS = DEBUG;
				SWIFT_OPTIMIZATION_LEVEL = "-Onone";
			};
			name = Debug;
		};
		7984763D25B7748F00D7501C /* Release */ = {
			isa = XCBuildConfiguration;
			buildSettings = {
				ALWAYS_SEARCH_USER_PATHS = NO;
				CLANG_ANALYZER_NONNULL = YES;
				CLANG_ANALYZER_NUMBER_OBJECT_CONVERSION = YES_AGGRESSIVE;
				CLANG_CXX_LANGUAGE_STANDARD = "gnu++14";
				CLANG_CXX_LIBRARY = "libc++";
				CLANG_ENABLE_MODULES = YES;
				CLANG_ENABLE_OBJC_ARC = YES;
				CLANG_ENABLE_OBJC_WEAK = YES;
				CLANG_WARN_BLOCK_CAPTURE_AUTORELEASING = YES;
				CLANG_WARN_BOOL_CONVERSION = YES;
				CLANG_WARN_COMMA = YES;
				CLANG_WARN_CONSTANT_CONVERSION = YES;
				CLANG_WARN_DEPRECATED_OBJC_IMPLEMENTATIONS = YES;
				CLANG_WARN_DIRECT_OBJC_ISA_USAGE = YES_ERROR;
				CLANG_WARN_DOCUMENTATION_COMMENTS = YES;
				CLANG_WARN_EMPTY_BODY = YES;
				CLANG_WARN_ENUM_CONVERSION = YES;
				CLANG_WARN_INFINITE_RECURSION = YES;
				CLANG_WARN_INT_CONVERSION = YES;
				CLANG_WARN_NON_LITERAL_NULL_CONVERSION = YES;
				CLANG_WARN_OBJC_IMPLICIT_RETAIN_SELF = YES;
				CLANG_WARN_OBJC_LITERAL_CONVERSION = YES;
				CLANG_WARN_OBJC_ROOT_CLASS = YES_ERROR;
				CLANG_WARN_QUOTED_INCLUDE_IN_FRAMEWORK_HEADER = YES;
				CLANG_WARN_RANGE_LOOP_ANALYSIS = YES;
				CLANG_WARN_STRICT_PROTOTYPES = YES;
				CLANG_WARN_SUSPICIOUS_MOVE = YES;
				CLANG_WARN_UNGUARDED_AVAILABILITY = YES_AGGRESSIVE;
				CLANG_WARN_UNREACHABLE_CODE = YES;
				CLANG_WARN__DUPLICATE_METHOD_MATCH = YES;
				COPY_PHASE_STRIP = NO;
				DEBUG_INFORMATION_FORMAT = "dwarf-with-dsym";
				ENABLE_NS_ASSERTIONS = NO;
				ENABLE_STRICT_OBJC_MSGSEND = YES;
				GCC_C_LANGUAGE_STANDARD = gnu11;
				GCC_NO_COMMON_BLOCKS = YES;
				GCC_WARN_64_TO_32_BIT_CONVERSION = YES;
				GCC_WARN_ABOUT_RETURN_TYPE = YES_ERROR;
				GCC_WARN_UNDECLARED_SELECTOR = YES;
				GCC_WARN_UNINITIALIZED_AUTOS = YES_AGGRESSIVE;
				GCC_WARN_UNUSED_FUNCTION = YES;
				GCC_WARN_UNUSED_VARIABLE = YES;
				IPHONEOS_DEPLOYMENT_TARGET = 14.3;
				MTL_ENABLE_DEBUG_INFO = NO;
				MTL_FAST_MATH = YES;
				SDKROOT = iphoneos;
				SWIFT_COMPILATION_MODE = wholemodule;
				SWIFT_OPTIMIZATION_LEVEL = "-O";
				VALIDATE_PRODUCT = YES;
			};
			name = Release;
		};
		7984763F25B7748F00D7501C /* Debug */ = {
			isa = XCBuildConfiguration;
			buildSettings = {
				ASSETCATALOG_COMPILER_APPICON_NAME = AppIcon;
				ASSETCATALOG_COMPILER_GLOBAL_ACCENT_COLOR_NAME = AccentColor;
				CODE_SIGN_STYLE = Automatic;
				DEVELOPMENT_TEAM = G66XPV3HVM;
				INFOPLIST_FILE = "$(SRCROOT)/WeatherApp/Application/Info.plist";
				LD_RUNPATH_SEARCH_PATHS = (
					"$(inherited)",
					"@executable_path/Frameworks",
				);
				PRODUCT_BUNDLE_IDENTIFIER = pavlovskyive.WeatherApp;
				PRODUCT_NAME = "$(TARGET_NAME)";
				SWIFT_VERSION = 5.0;
				TARGETED_DEVICE_FAMILY = 1;
			};
			name = Debug;
		};
		7984764025B7748F00D7501C /* Release */ = {
			isa = XCBuildConfiguration;
			buildSettings = {
				ASSETCATALOG_COMPILER_APPICON_NAME = AppIcon;
				ASSETCATALOG_COMPILER_GLOBAL_ACCENT_COLOR_NAME = AccentColor;
				CODE_SIGN_STYLE = Automatic;
				DEVELOPMENT_TEAM = G66XPV3HVM;
				INFOPLIST_FILE = "$(SRCROOT)/WeatherApp/Application/Info.plist";
				LD_RUNPATH_SEARCH_PATHS = (
					"$(inherited)",
					"@executable_path/Frameworks",
				);
				PRODUCT_BUNDLE_IDENTIFIER = pavlovskyive.WeatherApp;
				PRODUCT_NAME = "$(TARGET_NAME)";
				SWIFT_VERSION = 5.0;
				TARGETED_DEVICE_FAMILY = 1;
			};
			name = Release;
		};
/* End XCBuildConfiguration section */

/* Begin XCConfigurationList section */
		7984762525B7748B00D7501C /* Build configuration list for PBXProject "WeatherApp" */ = {
			isa = XCConfigurationList;
			buildConfigurations = (
				7984763C25B7748F00D7501C /* Debug */,
				7984763D25B7748F00D7501C /* Release */,
			);
			defaultConfigurationIsVisible = 0;
			defaultConfigurationName = Release;
		};
		7984763E25B7748F00D7501C /* Build configuration list for PBXNativeTarget "WeatherApp" */ = {
			isa = XCConfigurationList;
			buildConfigurations = (
				7984763F25B7748F00D7501C /* Debug */,
				7984764025B7748F00D7501C /* Release */,
			);
			defaultConfigurationIsVisible = 0;
			defaultConfigurationName = Release;
		};
/* End XCConfigurationList section */
	};
	rootObject = 7984762225B7748B00D7501C /* Project object */;
}
